# THIS IS AN AUTOGENERATED FILE. DO NOT EDIT THIS FILE DIRECTLY.
# yarn lockfile v1


"@adobe/css-tools@^4.0.1":
  version "4.0.1"
  resolved "https://registry.npmjs.org/@adobe/css-tools/-/css-tools-4.0.1.tgz"
  integrity sha512-+u76oB43nOHrF4DDWRLWDCtci7f3QJoEBigemIdIeTi1ODqjx6Tad9NCVnPRwewWlKkVab5PlK8DCtPTyX7S8g==

"@babel/code-frame@^7.10.4":
  version "7.18.6"
  resolved "https://registry.npmjs.org/@babel/code-frame/-/code-frame-7.18.6.tgz"
  integrity sha512-TDCmlK5eOvH+eH7cdAFlNXeVJqWIQ7gW9tY1GJIpUtFb6CmjVyq2VM3u71bOyR8CRihcCgMUYoDNyLXao3+70Q==
  dependencies:
    "@babel/highlight" "^7.18.6"

"@babel/helper-validator-identifier@^7.18.6":
  version "7.18.6"
  resolved "https://registry.npmjs.org/@babel/helper-validator-identifier/-/helper-validator-identifier-7.18.6.tgz"
  integrity sha512-MmetCkz9ej86nJQV+sFCxoGGrUbU3q02kgLciwkrt9QqEB7cP39oKEY0PakknEO0Gu20SskMRi+AYZ3b1TpN9g==

"@babel/highlight@^7.18.6":
  version "7.18.6"
  resolved "https://registry.npmjs.org/@babel/highlight/-/highlight-7.18.6.tgz"
  integrity sha512-u7stbOuYjaPezCuLj29hNW1v64M2Md2qupEKP1fHc7WdOA3DgLh37suiSrZYY7haUB7iBeQZ9P1uiRF359do3g==
  dependencies:
    "@babel/helper-validator-identifier" "^7.18.6"
    chalk "^2.0.0"
    js-tokens "^4.0.0"

"@babel/runtime@^7.12.5", "@babel/runtime@^7.9.2":
  version "7.18.9"
  resolved "https://registry.npmjs.org/@babel/runtime/-/runtime-7.18.9.tgz"
  integrity sha512-lkqXDcvlFT5rvEjiu6+QYO+1GXrEHRo2LOtS7E4GtX5ESIZOgepqsZBVIj6Pv+a6zqsya9VCgiK1KAK4BvJDAw==
  dependencies:
    regenerator-runtime "^0.13.4"

"@jest/schemas@^28.1.3":
  version "28.1.3"
  resolved "https://registry.npmjs.org/@jest/schemas/-/schemas-28.1.3.tgz"
  integrity sha512-/l/VWsdt/aBXgjshLWOFyFt3IVdYypu5y2Wn2rOO1un6nkqIn8SLXzgIMYXFyYsRWDyF5EthmKJMIdJvk08grg==
  dependencies:
    "@sinclair/typebox" "^0.24.1"

"@sinclair/typebox@^0.24.1":
  version "0.24.27"
  resolved "https://registry.npmjs.org/@sinclair/typebox/-/typebox-0.24.27.tgz"
  integrity sha512-K7C7IlQ3zLePEZleUN21ceBA2aLcMnLHTLph8QWk1JK37L90obdpY+QGY8bXMKxf1ht1Z0MNewvXxWv0oGDYFg==

"@testing-library/dom@^8.5.0":
  version "8.16.1"
  resolved "https://registry.npmjs.org/@testing-library/dom/-/dom-8.16.1.tgz"
  integrity sha512-XEV2mBxgv6DKjL3+U3WEUzBgT2CjYksoXGlLrrJXYP8OvRfGkBonvelkorazpFlp8tkEecO06r43vN4DIEyegQ==
  dependencies:
    "@babel/code-frame" "^7.10.4"
    "@babel/runtime" "^7.12.5"
    "@types/aria-query" "^4.2.0"
    aria-query "^5.0.0"
    chalk "^4.1.0"
    dom-accessibility-api "^0.5.9"
    lz-string "^1.4.4"
    pretty-format "^27.0.2"

"@testing-library/jest-dom@^5.16.5":
  version "5.16.5"
  resolved "https://registry.npmjs.org/@testing-library/jest-dom/-/jest-dom-5.16.5.tgz"
  integrity sha512-N5ixQ2qKpi5OLYfwQmUb/5mSV9LneAcaUfp32pn4yCnpb8r/Yz0pXFPck21dIicKmi+ta5WRAknkZCfA8refMA==
  dependencies:
    "@adobe/css-tools" "^4.0.1"
    "@babel/runtime" "^7.9.2"
    "@types/testing-library__jest-dom" "^5.9.1"
    aria-query "^5.0.0"
    chalk "^3.0.0"
    css.escape "^1.5.1"
    dom-accessibility-api "^0.5.6"
    lodash "^4.17.15"
    redent "^3.0.0"

"@testing-library/react@^13.3.0":
  version "13.3.0"
  resolved "https://registry.npmjs.org/@testing-library/react/-/react-13.3.0.tgz"
  integrity sha512-DB79aA426+deFgGSjnf5grczDPiL4taK3hFaa+M5q7q20Kcve9eQottOG5kZ74KEr55v0tU2CQormSSDK87zYQ==
  dependencies:
    "@babel/runtime" "^7.12.5"
    "@testing-library/dom" "^8.5.0"
    "@types/react-dom" "^18.0.0"

"@testing-library/user-event@^13.5.0":
  version "13.5.0"
  resolved "https://registry.npmjs.org/@testing-library/user-event/-/user-event-13.5.0.tgz"
  integrity sha512-5Kwtbo3Y/NowpkbRuSepbyMFkZmHgD+vPzYB/RJ4oxt5Gj/avFFBYjhw27cqSVPVw/3a67NK1PbiIr9k4Gwmdg==
  dependencies:
    "@babel/runtime" "^7.12.5"

"@types/aria-query@^4.2.0":
  version "4.2.2"
  resolved "https://registry.npmjs.org/@types/aria-query/-/aria-query-4.2.2.tgz"
  integrity sha512-HnYpAE1Y6kRyKM/XkEuiRQhTHvkzMBurTHnpFLYLBGPIylZNPs9jJcuOOYWxPLJCSEtmZT0Y8rHDokKN7rRTig==

"@types/jest@*":
  version "28.1.6"
  resolved "https://registry.npmjs.org/@types/jest/-/jest-28.1.6.tgz"
  integrity sha512-0RbGAFMfcBJKOmqRazM8L98uokwuwD5F8rHrv/ZMbrZBwVOWZUyPG6VFNscjYr/vjM3Vu4fRrCPbOs42AfemaQ==
  dependencies:
    jest-matcher-utils "^28.0.0"
    pretty-format "^28.0.0"

"@types/prop-types@*":
  version "15.7.5"
  resolved "https://registry.npmjs.org/@types/prop-types/-/prop-types-15.7.5.tgz"
  integrity sha512-JCB8C6SnDoQf0cNycqd/35A7MjcnK+ZTqE7judS6o7utxUCg6imJg3QK2qzHKszlTjcj2cn+NwMB2i96ubpj7w==

"@types/react-dom@^18.0.0":
  version "18.0.6"
  resolved "https://registry.npmjs.org/@types/react-dom/-/react-dom-18.0.6.tgz"
  integrity sha512-/5OFZgfIPSwy+YuIBP/FgJnQnsxhZhjjrnxudMddeblOouIodEQ75X14Rr4wGSG/bknL+Omy9iWlLo1u/9GzAA==
  dependencies:
    "@types/react" "*"

"@types/react@*":
  version "18.0.15"
  resolved "https://registry.npmjs.org/@types/react/-/react-18.0.15.tgz"
  integrity sha512-iz3BtLuIYH1uWdsv6wXYdhozhqj20oD4/Hk2DNXIn1kFsmp9x8d9QB6FnPhfkbhd2PgEONt9Q1x/ebkwjfFLow==
  dependencies:
    "@types/prop-types" "*"
    "@types/scheduler" "*"
    csstype "^3.0.2"

"@types/scheduler@*":
  version "0.16.2"
  resolved "https://registry.npmjs.org/@types/scheduler/-/scheduler-0.16.2.tgz"
  integrity sha512-hppQEBDmlwhFAXKJX2KnWLYu5yMfi91yazPb2l+lbJiwW+wdo1gNeRA+3RgNSO39WYX2euey41KEwnqesU2Jew==

"@types/testing-library__jest-dom@^5.9.1":
  version "5.14.5"
  resolved "https://registry.npmjs.org/@types/testing-library__jest-dom/-/testing-library__jest-dom-5.14.5.tgz"
  integrity sha512-SBwbxYoyPIvxHbeHxTZX2Pe/74F/tX2/D3mMvzabdeJ25bBojfW0TyB8BHrbq/9zaaKICJZjLP+8r6AeZMFCuQ==
  dependencies:
    "@types/jest" "*"

ansi-regex@^5.0.1:
  version "5.0.1"
  resolved "https://registry.npmjs.org/ansi-regex/-/ansi-regex-5.0.1.tgz"
  integrity sha512-quJQXlTSUGL2LH9SUXo8VwsY4soanhgo6LNSm84E1LBcE8s3O0wpdiRzyR9z/ZZJMlMWv37qOOb9pdJlMUEKFQ==

ansi-styles@^3.2.1:
  version "3.2.1"
  resolved "https://registry.npmjs.org/ansi-styles/-/ansi-styles-3.2.1.tgz"
  integrity sha512-VT0ZI6kZRdTh8YyJw3SMbYm/u+NqfsAxEpWO0Pf9sq8/e94WxxOpPKx9FR1FlyCtOVDNOQ+8ntlqFxiRc+r5qA==
  dependencies:
    color-convert "^1.9.0"

ansi-styles@^4.1.0:
  version "4.3.0"
  resolved "https://registry.npmjs.org/ansi-styles/-/ansi-styles-4.3.0.tgz"
  integrity sha512-zbB9rCJAT1rbjiVDb2hqKFHNYLxgtk8NURxZ3IZwD3F6NtxbXZQCnnSi1Lkx+IDohdPlFp222wVALIheZJQSEg==
  dependencies:
    color-convert "^2.0.1"

ansi-styles@^5.0.0:
  version "5.2.0"
  resolved "https://registry.npmjs.org/ansi-styles/-/ansi-styles-5.2.0.tgz"
  integrity sha512-Cxwpt2SfTzTtXcfOlzGEee8O+c+MmUgGrNiBcXnuWxuFJHe6a5Hz7qwhwe5OgaSYI0IJvkLqWX1ASG+cJOkEiA==

aria-query@^5.0.0:
  version "5.0.0"
  resolved "https://registry.npmjs.org/aria-query/-/aria-query-5.0.0.tgz"
  integrity sha512-V+SM7AbUwJ+EBnB8+DXs0hPZHO0W6pqBcc0dW90OwtVG02PswOu/teuARoLQjdDOH+t9pJgGnW5/Qmouf3gPJg==

chalk@^2.0.0:
  version "2.4.2"
  resolved "https://registry.npmjs.org/chalk/-/chalk-2.4.2.tgz"
  integrity sha512-Mti+f9lpJNcwF4tWV8/OrTTtF1gZi+f8FqlyAdouralcFWFQWF2+NgCHShjkCb+IFBLq9buZwE1xckQU4peSuQ==
  dependencies:
    ansi-styles "^3.2.1"
    escape-string-regexp "^1.0.5"
    supports-color "^5.3.0"

chalk@^3.0.0:
  version "3.0.0"
  resolved "https://registry.npmjs.org/chalk/-/chalk-3.0.0.tgz"
  integrity sha512-4D3B6Wf41KOYRFdszmDqMCGq5VV/uMAB273JILmO+3jAlh8X4qDtdtgCR3fxtbLEMzSx22QdhnDcJvu2u1fVwg==
  dependencies:
    ansi-styles "^4.1.0"
    supports-color "^7.1.0"

chalk@^4.0.0, chalk@^4.1.0:
  version "4.1.2"
  resolved "https://registry.npmjs.org/chalk/-/chalk-4.1.2.tgz"
  integrity sha512-oKnbhFyRIXpUuez8iBMmyEa4nbj4IOQyuhc/wy9kY7/WVPcwIO9VA668Pu8RkO7+0G76SLROeyw9CpQ061i4mA==
  dependencies:
    ansi-styles "^4.1.0"
    supports-color "^7.1.0"

color-convert@^1.9.0:
  version "1.9.3"
  resolved "https://registry.npmjs.org/color-convert/-/color-convert-1.9.3.tgz"
  integrity sha512-QfAUtd+vFdAtFQcC8CCyYt1fYWxSqAiK2cSD6zDB8N3cpsEBAvRxp9zOGg6G/SHHJYAT88/az/IuDGALsNVbGg==
  dependencies:
    color-name "1.1.3"

color-convert@^2.0.1:
  version "2.0.1"
  resolved "https://registry.npmjs.org/color-convert/-/color-convert-2.0.1.tgz"
  integrity sha512-RRECPsj7iu/xb5oKYcsFHSppFNnsj/52OVTRKb4zP5onXwVF3zVmmToNcOfGC+CRDpfK/U584fMg38ZHCaElKQ==
  dependencies:
    color-name "~1.1.4"

color-name@1.1.3:
  version "1.1.3"
  resolved "https://registry.npmjs.org/color-name/-/color-name-1.1.3.tgz"
  integrity sha512-72fSenhMw2HZMTVHeCA9KCmpEIbzWiQsjN+BHcBbS9vr1mtt+vJjPdksIBNUmKAW8TFUDPJK5SUU3QhE9NEXDw==

color-name@~1.1.4:
  version "1.1.4"
  resolved "https://registry.npmjs.org/color-name/-/color-name-1.1.4.tgz"
  integrity sha512-dOy+3AuW3a2wNbZHIuMZpTcgjGuLU/uBL/ubcZF9OXbDo8ff4O8yVp5Bf0efS8uEoYo5q4Fx7dY9OgQGXgAsQA==

css.escape@^1.5.1:
  version "1.5.1"
  resolved "https://registry.npmjs.org/css.escape/-/css.escape-1.5.1.tgz"
  integrity sha512-YUifsXXuknHlUsmlgyY0PKzgPOr7/FjCePfHNt0jxm83wHZi44VDMQ7/fGNkjY3/jV1MC+1CmZbaHzugyeRtpg==

csstype@^3.0.2:
  version "3.1.0"
  resolved "https://registry.npmjs.org/csstype/-/csstype-3.1.0.tgz"
  integrity sha512-uX1KG+x9h5hIJsaKR9xHUeUraxf8IODOwq9JLNPq6BwB04a/xgpq3rcx47l5BZu5zBPlgD342tdke3Hom/nJRA==

diff-sequences@^28.1.1:
  version "28.1.1"
  resolved "https://registry.npmjs.org/diff-sequences/-/diff-sequences-28.1.1.tgz"
  integrity sha512-FU0iFaH/E23a+a718l8Qa/19bF9p06kgE0KipMOMadwa3SjnaElKzPaUC0vnibs6/B/9ni97s61mcejk8W1fQw==

dom-accessibility-api@^0.5.6, dom-accessibility-api@^0.5.9:
  version "0.5.14"
  resolved "https://registry.npmjs.org/dom-accessibility-api/-/dom-accessibility-api-0.5.14.tgz"
  integrity sha512-NMt+m9zFMPZe0JcY9gN224Qvk6qLIdqex29clBvc/y75ZBX9YA9wNK3frsYvu2DI1xcCIwxwnX+TlsJ2DSOADg==

escape-string-regexp@^1.0.5:
  version "1.0.5"
  resolved "https://registry.npmjs.org/escape-string-regexp/-/escape-string-regexp-1.0.5.tgz"
  integrity sha512-vbRorB5FUQWvla16U8R/qgaFIya2qGzwDrNmCZuYKrbdSUMG6I1ZCGQRefkRVhuOkIGVne7BQ35DSfo1qvJqFg==

has-flag@^3.0.0:
  version "3.0.0"
  resolved "https://registry.npmjs.org/has-flag/-/has-flag-3.0.0.tgz"
  integrity sha512-sKJf1+ceQBr4SMkvQnBDNDtf4TXpVhVGateu0t918bl30FnbE2m4vNLX+VWe/dpjlb+HugGYzW7uQXH98HPEYw==

has-flag@^4.0.0:
  version "4.0.0"
  resolved "https://registry.npmjs.org/has-flag/-/has-flag-4.0.0.tgz"
  integrity sha512-EykJT/Q1KjTWctppgIAgfSO0tKVuZUjhgMr17kqTumMl6Afv3EISleU7qZUzoXDFTAHTDC4NOoG/ZxU3EvlMPQ==

indent-string@^4.0.0:
  version "4.0.0"
  resolved "https://registry.npmjs.org/indent-string/-/indent-string-4.0.0.tgz"
  integrity sha512-EdDDZu4A2OyIK7Lr/2zG+w5jmbuk1DVBnEwREQvBzspBJkCEbRa8GxU1lghYcaGJCnRWibjDXlq779X1/y5xwg==

jest-diff@^28.1.3:
  version "28.1.3"
  resolved "https://registry.npmjs.org/jest-diff/-/jest-diff-28.1.3.tgz"
  integrity sha512-8RqP1B/OXzjjTWkqMX67iqgwBVJRgCyKD3L9nq+6ZqJMdvjE8RgHktqZ6jNrkdMT+dJuYNI3rhQpxaz7drJHfw==
  dependencies:
    chalk "^4.0.0"
    diff-sequences "^28.1.1"
    jest-get-type "^28.0.2"
    pretty-format "^28.1.3"

jest-get-type@^28.0.2:
  version "28.0.2"
  resolved "https://registry.npmjs.org/jest-get-type/-/jest-get-type-28.0.2.tgz"
  integrity sha512-ioj2w9/DxSYHfOm5lJKCdcAmPJzQXmbM/Url3rhlghrPvT3tt+7a/+oXc9azkKmLvoiXjtV83bEWqi+vs5nlPA==

jest-matcher-utils@^28.0.0:
  version "28.1.3"
  resolved "https://registry.npmjs.org/jest-matcher-utils/-/jest-matcher-utils-28.1.3.tgz"
  integrity sha512-kQeJ7qHemKfbzKoGjHHrRKH6atgxMk8Enkk2iPQ3XwO6oE/KYD8lMYOziCkeSB9G4adPM4nR1DE8Tf5JeWH6Bw==
  dependencies:
    chalk "^4.0.0"
    jest-diff "^28.1.3"
    jest-get-type "^28.0.2"
    pretty-format "^28.1.3"

js-tokens@^4.0.0:
  version "4.0.0"
  resolved "https://registry.npmjs.org/js-tokens/-/js-tokens-4.0.0.tgz"
  integrity sha512-RdJUflcE3cUzKiMqQgsCu06FPu9UdIJO0beYbPhHN4k6apgJtifcoCtT9bcxOpYBtpD2kCM6Sbzg4CausW/PKQ==

lodash@^4.17.15:
  version "4.17.21"
  resolved "https://registry.npmjs.org/lodash/-/lodash-4.17.21.tgz"
  integrity sha512-v2kDEe57lecTulaDIuNTPy3Ry4gLGJ6Z1O3vE1krgXZNrsQ+LFTGHVxVjcXPs17LhbZVGedAJv8XZ1tvj5FvSg==

lz-string@^1.4.4:
  version "1.4.4"
  resolved "https://registry.npmjs.org/lz-string/-/lz-string-1.4.4.tgz"
  integrity sha512-0ckx7ZHRPqb0oUm8zNr+90mtf9DQB60H1wMCjBtfi62Kl3a7JbHob6gA2bC+xRvZoOL+1hzUK8jeuEIQE8svEQ==

min-indent@^1.0.0:
  version "1.0.1"
  resolved "https://registry.npmjs.org/min-indent/-/min-indent-1.0.1.tgz"
  integrity sha512-I9jwMn07Sy/IwOj3zVkVik2JTvgpaykDZEigL6Rx6N9LbMywwUSMtxET+7lVoDLLd3O3IXwJwvuuns8UB/HeAg==

pretty-format@^27.0.2:
  version "27.5.1"
  resolved "https://registry.npmjs.org/pretty-format/-/pretty-format-27.5.1.tgz"
  integrity sha512-Qb1gy5OrP5+zDf2Bvnzdl3jsTf1qXVMazbvCoKhtKqVs4/YK4ozX4gKQJJVyNe+cajNPn0KoC0MC3FUmaHWEmQ==
  dependencies:
    ansi-regex "^5.0.1"
    ansi-styles "^5.0.0"
    react-is "^17.0.1"

pretty-format@^28.0.0, pretty-format@^28.1.3:
  version "28.1.3"
  resolved "https://registry.npmjs.org/pretty-format/-/pretty-format-28.1.3.tgz"
  integrity sha512-8gFb/To0OmxHR9+ZTb14Df2vNxdGCX8g1xWGUTqUw5TiZvcQf5sHKObd5UcPyLLyowNwDAMTF3XWOG1B6mxl1Q==
  dependencies:
    "@jest/schemas" "^28.1.3"
    ansi-regex "^5.0.1"
    ansi-styles "^5.0.0"
    react-is "^18.0.0"

react-is@^17.0.1:
  version "17.0.2"
  resolved "https://registry.npmjs.org/react-is/-/react-is-17.0.2.tgz"
  integrity sha512-w2GsyukL62IJnlaff/nRegPQR94C/XXamvMWmSHRJ4y7Ts/4ocGRmTHvOs8PSE6pB3dWOrD/nueuU5sduBsQ4w==

react-is@^18.0.0:
  version "18.2.0"
  resolved "https://registry.npmjs.org/react-is/-/react-is-18.2.0.tgz"
  integrity sha512-xWGDIW6x921xtzPkhiULtthJHoJvBbF3q26fzloPCK0hsvxtPVelvftw3zjbHWSkR2km9Z+4uxbDDK/6Zw9B8w==

redent@^3.0.0:
  version "3.0.0"
  resolved "https://registry.npmjs.org/redent/-/redent-3.0.0.tgz"
  integrity sha512-6tDA8g98We0zd0GvVeMT9arEOnTw9qM03L9cJXaCjrip1OO764RDBLBfrB4cwzNGDj5OA5ioymC9GkizgWJDUg==
  dependencies:
    indent-string "^4.0.0"
    strip-indent "^3.0.0"

regenerator-runtime@^0.13.4:
  version "0.13.9"
  resolved "https://registry.npmjs.org/regenerator-runtime/-/regenerator-runtime-0.13.9.tgz"
  integrity sha512-p3VT+cOEgxFsRRA9X4lkI1E+k2/CtnKtU4gcxyaCUreilL/vqI6CdZ3wxVUx3UOUg+gnUOQQcRI7BmSI656MYA==

strip-indent@^3.0.0:
  version "3.0.0"
  resolved "https://registry.npmjs.org/strip-indent/-/strip-indent-3.0.0.tgz"
  integrity sha512-laJTa3Jb+VQpaC6DseHhF7dXVqHTfJPCRDaEbid/drOhgitgYku/letMUqOXFoWV0zIIUbjpdH2t+tYj4bQMRQ==
  dependencies:
    min-indent "^1.0.0"

supports-color@^5.3.0:
  version "5.5.0"
  resolved "https://registry.npmjs.org/supports-color/-/supports-color-5.5.0.tgz"
  integrity sha512-QjVjwdXIt408MIiAqCX4oUKsgU2EqAGzs2Ppkm4aQYbjm+ZEWEcW4SfFNTr4uMNZma0ey4f5lgLrkB0aX0QMow==
  dependencies:
    has-flag "^3.0.0"

supports-color@^7.1.0:
  version "7.2.0"
  resolved "https://registry.npmjs.org/supports-color/-/supports-color-7.2.0.tgz"
  integrity sha512-qpCAvRl9stuOHveKsn7HncJRvv501qIacKzQlO/+Lwxc9+0q2wLyv4Dfvt80/DPn2pqOBsJdDiogXGR9+OvwRw==
  dependencies:
    has-flag "^4.0.0"

typescript@^4.7.4:
  version "4.7.4"
  resolved "https://registry.npmjs.org/typescript/-/typescript-4.7.4.tgz"
  integrity sha512-C0WQT0gezHuw6AdY1M2jxUO83Rjf0HP7Sk1DtXj6j1EwkQNZrHAg2XPWlq62oqEhYvONq5pkC2Y9oPljWToLmQ==
